
Microsoft Visual Studio Solution File, Format Version 12.00
# Visual Studio Version 17
VisualStudioVersion = 17.7.34024.191
MinimumVisualStudioVersion = 10.0.40219.1
Project("{9A19103F-16F7-4668-BE54-9A1E7A4F7556}") = "Calculator", "Calculator\Calculator.csproj", "{1F1DD529-0967-4BB6-96F1-DE7B6C580319}"
EndProject
Project("{2150E333-8FDC-42A3-9474-1A3956D46DE8}") = "Solution Items", "Solution Items", "{94B48E8D-F47A-4BFD-B778-BC3FB91A7FBC}"
	ProjectSection(SolutionItems) = preProject
		readme.md = readme.md
	EndProjectSection
EndProject
Project("{9A19103F-16F7-4668-BE54-9A1E7A4F7556}") = "MyCoreApp", "MyCoreApp\MyCoreApp.csproj", "{A5C1040B-7078-4522-99A7-743B1AE15D63}"
EndProject
Project("{9A19103F-16F7-4668-BE54-9A1E7A4F7556}") = "TodoApi", "TodoApi\TodoApi.csproj", "{D7B5AA48-A023-4C66-B63F-070F0591B4D6}"
EndProject
Project("{9A19103F-16F7-4668-BE54-9A1E7A4F7556}") = "WebAPIClient", "WebAPIClient\WebAPIClient.csproj", "{2704AF96-7B64-4664-82C4-B75FC44141C8}"
EndProject
Project("{9A19103F-16F7-4668-BE54-9A1E7A4F7556}") = "tic-tac-toe", "tic-tac-toe\tic-tac-toe.csproj", "{000D662F-B94A-44C1-8856-18B598C36663}"
EndProject
Global
	GlobalSection(SolutionConfigurationPlatforms) = preSolution
		Debug|Any CPU = Debug|Any CPU
		Release|Any CPU = Release|Any CPU
	EndGlobalSection
	GlobalSection(ProjectConfigurationPlatforms) = postSolution
		{1F1DD529-0967-4BB6-96F1-DE7B6C580319}.Debug|Any CPU.ActiveCfg = Debug|Any CPU
		{1F1DD529-0967-4BB6-96F1-DE7B6C580319}.Debug|Any CPU.Build.0 = Debug|Any CPU
		{1F1DD529-0967-4BB6-96F1-DE7B6C580319}.Release|Any CPU.ActiveCfg = Release|Any CPU
		{1F1DD529-0967-4BB6-96F1-DE7B6C580319}.Release|Any CPU.Build.0 = Release|Any CPU
		{A5C1040B-7078-4522-99A7-743B1AE15D63}.Debug|Any CPU.ActiveCfg = Debug|Any CPU
		{A5C1040B-7078-4522-99A7-743B1AE15D63}.Debug|Any CPU.Build.0 = Debug|Any CPU
		{A5C1040B-7078-4522-99A7-743B1AE15D63}.Release|Any CPU.ActiveCfg = Release|Any CPU
		{A5C1040B-7078-4522-99A7-743B1AE15D63}.Release|Any CPU.Build.0 = Release|Any CPU
		{D7B5AA48-A023-4C66-B63F-070F0591B4D6}.Debug|Any CPU.ActiveCfg = Debug|Any CPU
		{D7B5AA48-A023-4C66-B63F-070F0591B4D6}.Debug|Any CPU.Build.0 = Debug|Any CPU
		{D7B5AA48-A023-4C66-B63F-070F0591B4D6}.Release|Any CPU.ActiveCfg = Release|Any CPU
		{D7B5AA48-A023-4C66-B63F-070F0591B4D6}.Release|Any CPU.Build.0 = Release|Any CPU
		{2704AF96-7B64-4664-82C4-B75FC44141C8}.Debug|Any CPU.ActiveCfg = Debug|Any CPU
		{2704AF96-7B64-4664-82C4-B75FC44141C8}.Debug|Any CPU.Build.0 = Debug|Any CPU
		{2704AF96-7B64-4664-82C4-B75FC44141C8}.Release|Any CPU.ActiveCfg = Release|Any CPU
		{2704AF96-7B64-4664-82C4-B75FC44141C8}.Release|Any CPU.Build.0 = Release|Any CPU
		{000D662F-B94A-44C1-8856-18B598C36663}.Debug|Any CPU.ActiveCfg = Debug|Any CPU
		{000D662F-B94A-44C1-8856-18B598C36663}.Debug|Any CPU.Build.0 = Debug|Any CPU
		{000D662F-B94A-44C1-8856-18B598C36663}.Release|Any CPU.ActiveCfg = Release|Any CPU
		{000D662F-B94A-44C1-8856-18B598C36663}.Release|Any CPU.Build.0 = Release|Any CPU
	EndGlobalSection
	GlobalSection(SolutionProperties) = preSolution
		HideSolutionNode = FALSE
	EndGlobalSection
	GlobalSection(ExtensibilityGlobals) = postSolution
		SolutionGuid = {9ACB18BE-DBAD-4175-9BE9-70362CFB3F5A}
	EndGlobalSection
EndGlobal
