
Microsoft Visual Studio Solution File, Format Version 12.00
# Visual Studio Version 17
VisualStudioVersion = 17.7.34024.191
MinimumVisualStudioVersion = 10.0.40219.1
Project("{FAE04EC0-301F-11D3-BF4B-00C04F79EFBC}") = "tic-tac-toe", "tic-tac-toe\tic-tac-toe.csproj", "{69BC5D9B-E066-4D8B-B681-3B0606EDE3F5}"
EndProject
Global
	GlobalSection(SolutionConfigurationPlatforms) = preSolution
		Debug|Any CPU = Debug|Any CPU
		Release|Any CPU = Release|Any CPU
	EndGlobalSection
	GlobalSection(ProjectConfigurationPlatforms) = postSolution
		{69BC5D9B-E066-4D8B-B681-3B0606EDE3F5}.Debug|Any CPU.ActiveCfg = Debug|Any CPU
		{69BC5D9B-E066-4D8B-B681-3B0606EDE3F5}.Debug|Any CPU.Build.0 = Debug|Any CPU
		{69BC5D9B-E066-4D8B-B681-3B0606EDE3F5}.Release|Any CPU.ActiveCfg = Release|Any CPU
		{69BC5D9B-E066-4D8B-B681-3B0606EDE3F5}.Release|Any CPU.Build.0 = Release|Any CPU
	EndGlobalSection
	GlobalSection(SolutionProperties) = preSolution
		HideSolutionNode = FALSE
	EndGlobalSection
	GlobalSection(ExtensibilityGlobals) = postSolution
		SolutionGuid = {5A012046-D9B6-4DDA-8ED3-B943F511EB79}
	EndGlobalSection
EndGlobal
